
Microsoft Visual Studio Solution File, Format Version 12.00
# Visual Studio Version 17
VisualStudioVersion = 17.4.33122.133
MinimumVisualStudioVersion = 10.0.40219.1
Project("{FAE04EC0-301F-11D3-BF4B-00C04F79EFBC}") = "SAF.CasualTimes.Api", "src\SAF.CasualTimes.Api\SAF.CasualTimes.Api.csproj", "{F2329A0F-B9EB-4230-80FE-2A34088EEB77}"
EndProject
Project("{FAE04EC0-301F-11D3-BF4B-00C04F79EFBC}") = "SAF.CasualTimes.Contracts", "src\SAF.CasualTimes.Contracts\SAF.CasualTimes.Contracts.csproj", "{06592E49-B501-4CDB-9E23-385DD7652FE0}"
EndProject
Project("{FAE04EC0-301F-11D3-BF4B-00C04F79EFBC}") = "SAF.CasualTimes.Infrastructure", "src\SAF.CasualTimes.Infrastructure\SAF.CasualTimes.Infrastructure.csproj", "{DCD673C4-4ADB-4F11-8CD7-58DFE64CCA45}"
EndProject
Project("{FAE04EC0-301F-11D3-BF4B-00C04F79EFBC}") = "SAF.CasualTimes.Application", "src\SAF.CasualTimes.Application\SAF.CasualTimes.Application.csproj", "{05B9E530-9D7C-4A89-AE48-A7566777C058}"
EndProject
Global
	GlobalSection(SolutionConfigurationPlatforms) = preSolution
		Debug|Any CPU = Debug|Any CPU
		Release|Any CPU = Release|Any CPU
	EndGlobalSection
	GlobalSection(ProjectConfigurationPlatforms) = postSolution
		{F2329A0F-B9EB-4230-80FE-2A34088EEB77}.Debug|Any CPU.ActiveCfg = Debug|Any CPU
		{F2329A0F-B9EB-4230-80FE-2A34088EEB77}.Debug|Any CPU.Build.0 = Debug|Any CPU
		{F2329A0F-B9EB-4230-80FE-2A34088EEB77}.Release|Any CPU.ActiveCfg = Release|Any CPU
		{F2329A0F-B9EB-4230-80FE-2A34088EEB77}.Release|Any CPU.Build.0 = Release|Any CPU
		{06592E49-B501-4CDB-9E23-385DD7652FE0}.Debug|Any CPU.ActiveCfg = Debug|Any CPU
		{06592E49-B501-4CDB-9E23-385DD7652FE0}.Debug|Any CPU.Build.0 = Debug|Any CPU
		{06592E49-B501-4CDB-9E23-385DD7652FE0}.Release|Any CPU.ActiveCfg = Release|Any CPU
		{06592E49-B501-4CDB-9E23-385DD7652FE0}.Release|Any CPU.Build.0 = Release|Any CPU
		{DCD673C4-4ADB-4F11-8CD7-58DFE64CCA45}.Debug|Any CPU.ActiveCfg = Debug|Any CPU
		{DCD673C4-4ADB-4F11-8CD7-58DFE64CCA45}.Debug|Any CPU.Build.0 = Debug|Any CPU
		{DCD673C4-4ADB-4F11-8CD7-58DFE64CCA45}.Release|Any CPU.ActiveCfg = Release|Any CPU
		{DCD673C4-4ADB-4F11-8CD7-58DFE64CCA45}.Release|Any CPU.Build.0 = Release|Any CPU
		{05B9E530-9D7C-4A89-AE48-A7566777C058}.Debug|Any CPU.ActiveCfg = Debug|Any CPU
		{05B9E530-9D7C-4A89-AE48-A7566777C058}.Debug|Any CPU.Build.0 = Debug|Any CPU
		{05B9E530-9D7C-4A89-AE48-A7566777C058}.Release|Any CPU.ActiveCfg = Release|Any CPU
		{05B9E530-9D7C-4A89-AE48-A7566777C058}.Release|Any CPU.Build.0 = Release|Any CPU
	EndGlobalSection
	GlobalSection(SolutionProperties) = preSolution
		HideSolutionNode = FALSE
	EndGlobalSection
	GlobalSection(ExtensibilityGlobals) = postSolution
		SolutionGuid = {A2F04189-92C9-463C-8B3C-A2ED10ED0611}
	EndGlobalSection
EndGlobal
